
Microsoft Visual Studio Solution File, Format Version 12.00
# Visual Studio Version 17
VisualStudioVersion = 17.3.32922.545
MinimumVisualStudioVersion = 10.0.40219.1
Project("{FAE04EC0-301F-11D3-BF4B-00C04F79EFBC}") = "TrabalhoCursoApp", "TrabalhoCursoApp\TrabalhoCursoApp.csproj", "{968A99A5-2EF8-499A-95DE-20016099E319}"
EndProject
Global
	GlobalSection(SolutionConfigurationPlatforms) = preSolution
		Debug|Any CPU = Debug|Any CPU
		Release|Any CPU = Release|Any CPU
	EndGlobalSection
	GlobalSection(ProjectConfigurationPlatforms) = postSolution
		{968A99A5-2EF8-499A-95DE-20016099E319}.Debug|Any CPU.ActiveCfg = Debug|Any CPU
		{968A99A5-2EF8-499A-95DE-20016099E319}.Debug|Any CPU.Build.0 = Debug|Any CPU
		{968A99A5-2EF8-499A-95DE-20016099E319}.Release|Any CPU.ActiveCfg = Release|Any CPU
		{968A99A5-2EF8-499A-95DE-20016099E319}.Release|Any CPU.Build.0 = Release|Any CPU
	EndGlobalSection
	GlobalSection(SolutionProperties) = preSolution
		HideSolutionNode = FALSE
	EndGlobalSection
	GlobalSection(ExtensibilityGlobals) = postSolution
		SolutionGuid = {DC1A11B7-95AE-4515-8BF9-17DA60633B80}
	EndGlobalSection
EndGlobal
